
Microsoft Visual Studio Solution File, Format Version 12.00
# Visual Studio Version 16
VisualStudioVersion = 16.0.29609.76
MinimumVisualStudioVersion = 10.0.40219.1
Project("{FAE04EC0-301F-11D3-BF4B-00C04F79EFBC}") = "Timely.App", "Timely.App\Timely.App.csproj", "{AF0C8F41-35DA-4B26-B017-E2C704824824}"
EndProject
Project("{FAE04EC0-301F-11D3-BF4B-00C04F79EFBC}") = "Timely.Entities", "Timely.Entities\Timely.Entities.csproj", "{AA4CD350-5A3D-4BD2-A496-5D98705BD619}"
EndProject
Global
	GlobalSection(SolutionConfigurationPlatforms) = preSolution
		Debug|Any CPU = Debug|Any CPU
		Release|Any CPU = Release|Any CPU
	EndGlobalSection
	GlobalSection(ProjectConfigurationPlatforms) = postSolution
		{AF0C8F41-35DA-4B26-B017-E2C704824824}.Debug|Any CPU.ActiveCfg = Debug|Any CPU
		{AF0C8F41-35DA-4B26-B017-E2C704824824}.Debug|Any CPU.Build.0 = Debug|Any CPU
		{AF0C8F41-35DA-4B26-B017-E2C704824824}.Release|Any CPU.ActiveCfg = Release|Any CPU
		{AF0C8F41-35DA-4B26-B017-E2C704824824}.Release|Any CPU.Build.0 = Release|Any CPU
		{AA4CD350-5A3D-4BD2-A496-5D98705BD619}.Debug|Any CPU.ActiveCfg = Debug|Any CPU
		{AA4CD350-5A3D-4BD2-A496-5D98705BD619}.Debug|Any CPU.Build.0 = Debug|Any CPU
		{AA4CD350-5A3D-4BD2-A496-5D98705BD619}.Release|Any CPU.ActiveCfg = Release|Any CPU
		{AA4CD350-5A3D-4BD2-A496-5D98705BD619}.Release|Any CPU.Build.0 = Release|Any CPU
	EndGlobalSection
	GlobalSection(SolutionProperties) = preSolution
		HideSolutionNode = FALSE
	EndGlobalSection
	GlobalSection(ExtensibilityGlobals) = postSolution
		SolutionGuid = {05E869FC-42F8-4878-A510-4522FCF5900B}
	EndGlobalSection
EndGlobal
